
Microsoft Visual Studio Solution File, Format Version 12.00
# Visual Studio Version 17
VisualStudioVersion = 17.14.36717.8
MinimumVisualStudioVersion = 10.0.40219.1
Project("{FAE04EC0-301F-11D3-BF4B-00C04F79EFBC}") = "JogsifoglaloApi", "JogsifoglaloApi\JogsifoglaloApi.csproj", "{1906CA36-3AD2-44FB-AAEB-499BCA25A13D}"
EndProject
Project("{FAE04EC0-301F-11D3-BF4B-00C04F79EFBC}") = "JogsifoglaloApi.Tests", "JogsifoglaloApi.Tests\JogsifoglaloApi.Tests.csproj", "{08638236-2B8F-4523-8837-EA21989DA964}"
EndProject
Global
	GlobalSection(SolutionConfigurationPlatforms) = preSolution
		Debug|Any CPU = Debug|Any CPU
		Release|Any CPU = Release|Any CPU
	EndGlobalSection
	GlobalSection(ProjectConfigurationPlatforms) = postSolution
		{1906CA36-3AD2-44FB-AAEB-499BCA25A13D}.Debug|Any CPU.ActiveCfg = Debug|Any CPU
		{1906CA36-3AD2-44FB-AAEB-499BCA25A13D}.Debug|Any CPU.Build.0 = Debug|Any CPU
		{1906CA36-3AD2-44FB-AAEB-499BCA25A13D}.Release|Any CPU.ActiveCfg = Release|Any CPU
		{1906CA36-3AD2-44FB-AAEB-499BCA25A13D}.Release|Any CPU.Build.0 = Release|Any CPU
		{08638236-2B8F-4523-8837-EA21989DA964}.Debug|Any CPU.ActiveCfg = Debug|Any CPU
		{08638236-2B8F-4523-8837-EA21989DA964}.Debug|Any CPU.Build.0 = Debug|Any CPU
		{08638236-2B8F-4523-8837-EA21989DA964}.Release|Any CPU.ActiveCfg = Release|Any CPU
		{08638236-2B8F-4523-8837-EA21989DA964}.Release|Any CPU.Build.0 = Release|Any CPU
	EndGlobalSection
	GlobalSection(SolutionProperties) = preSolution
		HideSolutionNode = FALSE
	EndGlobalSection
	GlobalSection(ExtensibilityGlobals) = postSolution
		SolutionGuid = {EC853B88-DE83-4957-AD4C-2BB1C78C4ADA}
	EndGlobalSection
EndGlobal
